// !$*UTF8*$!
{
	archiveVersion = 1;
	classes = {
	};
	objectVersion = 48;
	objects = {

/* Begin PBXBuildFile section */
		4A446C4C21367CF90090F017 /* AppDelegate.m in Sources */ = {isa = PBXBuildFile; fileRef = 4A446C4B21367CF90090F017 /* AppDelegate.m */; };
		4A446C4F21367CF90090F017 /* ViewController.m in Sources */ = {isa = PBXBuildFile; fileRef = 4A446C4E21367CF90090F017 /* ViewController.m */; };
		4A446C5221367CF90090F017 /* Main.storyboard in Resources */ = {isa = PBXBuildFile; fileRef = 4A446C5021367CF90090F017 /* Main.storyboard */; };
		4A446C5421367CF90090F017 /* Assets.xcassets in Resources */ = {isa = PBXBuildFile; fileRef = 4A446C5321367CF90090F017 /* Assets.xcassets */; };
		4A446C5721367CF90090F017 /* LaunchScreen.storyboard in Resources */ = {isa = PBXBuildFile; fileRef = 4A446C5521367CF90090F017 /* LaunchScreen.storyboard */; };
		4A446C5A21367CF90090F017 /* main.m in Sources */ = {isa = PBXBuildFile; fileRef = 4A446C5921367CF90090F017 /* main.m */; };
		4AFC2DE02136A07A00B7CEA8 /* MRCRepositoryServiceImpl.m in Sources */ = {isa = PBXBuildFile; fileRef = 4AFC2DDC2136A07A00B7CEA8 /* MRCRepositoryServiceImpl.m */; };
		4AFC2DE12136A07A00B7CEA8 /* MRCAppStoreServiceImpl.m in Sources */ = {isa = PBXBuildFile; fileRef = 4AFC2DDF2136A07A00B7CEA8 /* MRCAppStoreServiceImpl.m */; };
		4AFC2DE42136A08600B7CEA8 /* MRCViewModel.m in Sources */ = {isa = PBXBuildFile; fileRef = 4AFC2DE22136A08600B7CEA8 /* MRCViewModel.m */; };
		4AFC2DE82136A09100B7CEA8 /* MRCViewModelServicesImpl.m in Sources */ = {isa = PBXBuildFile; fileRef = 4AFC2DE72136A09100B7CEA8 /* MRCViewModelServicesImpl.m */; };
		4AFC2DEC2136A0C800B7CEA8 /* MRCNavigationControllerStack.m in Sources */ = {isa = PBXBuildFile; fileRef = 4AFC2DEA2136A0C800B7CEA8 /* MRCNavigationControllerStack.m */; };
		4AFC2DEF2136A0DA00B7CEA8 /* MRCViewController.m in Sources */ = {isa = PBXBuildFile; fileRef = 4AFC2DEE2136A0D900B7CEA8 /* MRCViewController.m */; };
		4AFC2DF22136A10400B7CEA8 /* MRCNavigationController.m in Sources */ = {isa = PBXBuildFile; fileRef = 4AFC2DF02136A10400B7CEA8 /* MRCNavigationController.m */; };
		4AFC2DF72136A15000B7CEA8 /* MRCTabBarController.m in Sources */ = {isa = PBXBuildFile; fileRef = 4AFC2DF32136A15000B7CEA8 /* MRCTabBarController.m */; };
		4AFC2DF82136A15000B7CEA8 /* MRCTableViewController.m in Sources */ = {isa = PBXBuildFile; fileRef = 4AFC2DF62136A15000B7CEA8 /* MRCTableViewController.m */; };
		4AFC2DFB2136A1B800B7CEA8 /* MRCRouter.m in Sources */ = {isa = PBXBuildFile; fileRef = 4AFC2DFA2136A1B800B7CEA8 /* MRCRouter.m */; };
		4AFC2E022136A24800B7CEA8 /* MRCErrors.m in Sources */ = {isa = PBXBuildFile; fileRef = 4AFC2DFF2136A24800B7CEA8 /* MRCErrors.m */; };
		4AFC2E052136A25B00B7CEA8 /* MRCUtil.m in Sources */ = {isa = PBXBuildFile; fileRef = 4AFC2E042136A25B00B7CEA8 /* MRCUtil.m */; };
		4AFC2E082136A49900B7CEA8 /* MRCViewControllerAnimatedTransition.m in Sources */ = {isa = PBXBuildFile; fileRef = 4AFC2E072136A49900B7CEA8 /* MRCViewControllerAnimatedTransition.m */; };
		4AFC2E0E2136A55800B7CEA8 /* MRCDoubleTitleView.m in Sources */ = {isa = PBXBuildFile; fileRef = 4AFC2E0B2136A55700B7CEA8 /* MRCDoubleTitleView.m */; };
		4AFC2E0F2136A55800B7CEA8 /* MRCLoadingTitleView.m in Sources */ = {isa = PBXBuildFile; fileRef = 4AFC2E0C2136A55700B7CEA8 /* MRCLoadingTitleView.m */; };
		4AFC2E102136A55800B7CEA8 /* MRCLoadingTitleView.xib in Resources */ = {isa = PBXBuildFile; fileRef = 4AFC2E0D2136A55700B7CEA8 /* MRCLoadingTitleView.xib */; };
		4AFC2E132136A6B000B7CEA8 /* MRCTableViewModel.m in Sources */ = {isa = PBXBuildFile; fileRef = 4AFC2E122136A6B000B7CEA8 /* MRCTableViewModel.m */; };
		4AFC2E162136A74600B7CEA8 /* MRCTableViewCellStyleValue1.m in Sources */ = {isa = PBXBuildFile; fileRef = 4AFC2E142136A74600B7CEA8 /* MRCTableViewCellStyleValue1.m */; };
		4AFC2E192136A76100B7CEA8 /* YYFPSLabel.m in Sources */ = {isa = PBXBuildFile; fileRef = 4AFC2E182136A76100B7CEA8 /* YYFPSLabel.m */; };
		A72260C25EA157F6CEA28472 /* libPods-RACDemo.a in Frameworks */ = {isa = PBXBuildFile; fileRef = BBC34C46256CD9D11F921CB4 /* libPods-RACDemo.a */; };
/* End PBXBuildFile section */

/* Begin PBXFileReference section */
		29F0C55B7177AC7743517CE9 /* Pods-RACDemo.release.xcconfig */ = {isa = PBXFileReference; includeInIndex = 1; lastKnownFileType = text.xcconfig; name = "Pods-RACDemo.release.xcconfig"; path = "Pods/Target Support Files/Pods-RACDemo/Pods-RACDemo.release.xcconfig"; sourceTree = "<group>"; };
		4A446C4721367CF90090F017 /* RACDemo.app */ = {isa = PBXFileReference; explicitFileType = wrapper.application; includeInIndex = 0; path = RACDemo.app; sourceTree = BUILT_PRODUCTS_DIR; };
		4A446C4A21367CF90090F017 /* AppDelegate.h */ = {isa = PBXFileReference; lastKnownFileType = sourcecode.c.h; path = AppDelegate.h; sourceTree = "<group>"; };
		4A446C4B21367CF90090F017 /* AppDelegate.m */ = {isa = PBXFileReference; lastKnownFileType = sourcecode.c.objc; path = AppDelegate.m; sourceTree = "<group>"; };
		4A446C4D21367CF90090F017 /* ViewController.h */ = {isa = PBXFileReference; lastKnownFileType = sourcecode.c.h; path = ViewController.h; sourceTree = "<group>"; };
		4A446C4E21367CF90090F017 /* ViewController.m */ = {isa = PBXFileReference; lastKnownFileType = sourcecode.c.objc; path = ViewController.m; sourceTree = "<group>"; };
		4A446C5121367CF90090F017 /* Base */ = {isa = PBXFileReference; lastKnownFileType = file.storyboard; name = Base; path = Base.lproj/Main.storyboard; sourceTree = "<group>"; };
		4A446C5321367CF90090F017 /* Assets.xcassets */ = {isa = PBXFileReference; lastKnownFileType = folder.assetcatalog; path = Assets.xcassets; sourceTree = "<group>"; };
		4A446C5621367CF90090F017 /* Base */ = {isa = PBXFileReference; lastKnownFileType = file.storyboard; name = Base; path = Base.lproj/LaunchScreen.storyboard; sourceTree = "<group>"; };
		4A446C5821367CF90090F017 /* Info.plist */ = {isa = PBXFileReference; lastKnownFileType = text.plist.xml; path = Info.plist; sourceTree = "<group>"; };
		4A446C5921367CF90090F017 /* main.m */ = {isa = PBXFileReference; lastKnownFileType = sourcecode.c.objc; path = main.m; sourceTree = "<group>"; };
		4AF45D672136868E0069FDF0 /* RACDemo-Prefix.pch */ = {isa = PBXFileReference; lastKnownFileType = sourcecode.c.h; path = "RACDemo-Prefix.pch"; sourceTree = "<group>"; };
		4AFC2DD92136A06400B7CEA8 /* MRCNavigationProtocol.h */ = {isa = PBXFileReference; fileEncoding = 4; lastKnownFileType = sourcecode.c.h; path = MRCNavigationProtocol.h; sourceTree = "<group>"; };
		4AFC2DDA2136A07A00B7CEA8 /* MRCAppStoreService.h */ = {isa = PBXFileReference; fileEncoding = 4; lastKnownFileType = sourcecode.c.h; path = MRCAppStoreService.h; sourceTree = "<group>"; };
		4AFC2DDB2136A07A00B7CEA8 /* MRCRepositoryService.h */ = {isa = PBXFileReference; fileEncoding = 4; lastKnownFileType = sourcecode.c.h; path = MRCRepositoryService.h; sourceTree = "<group>"; };
		4AFC2DDC2136A07A00B7CEA8 /* MRCRepositoryServiceImpl.m */ = {isa = PBXFileReference; fileEncoding = 4; lastKnownFileType = sourcecode.c.objc; path = MRCRepositoryServiceImpl.m; sourceTree = "<group>"; };
		4AFC2DDD2136A07A00B7CEA8 /* MRCAppStoreServiceImpl.h */ = {isa = PBXFileReference; fileEncoding = 4; lastKnownFileType = sourcecode.c.h; path = MRCAppStoreServiceImpl.h; sourceTree = "<group>"; };
		4AFC2DDE2136A07A00B7CEA8 /* MRCRepositoryServiceImpl.h */ = {isa = PBXFileReference; fileEncoding = 4; lastKnownFileType = sourcecode.c.h; path = MRCRepositoryServiceImpl.h; sourceTree = "<group>"; };
		4AFC2DDF2136A07A00B7CEA8 /* MRCAppStoreServiceImpl.m */ = {isa = PBXFileReference; fileEncoding = 4; lastKnownFileType = sourcecode.c.objc; path = MRCAppStoreServiceImpl.m; sourceTree = "<group>"; };
		4AFC2DE22136A08600B7CEA8 /* MRCViewModel.m */ = {isa = PBXFileReference; fileEncoding = 4; lastKnownFileType = sourcecode.c.objc; path = MRCViewModel.m; sourceTree = "<group>"; };
		4AFC2DE32136A08600B7CEA8 /* MRCViewModel.h */ = {isa = PBXFileReference; fileEncoding = 4; lastKnownFileType = sourcecode.c.h; path = MRCViewModel.h; sourceTree = "<group>"; };
		4AFC2DE52136A09100B7CEA8 /* MRCViewModelServicesImpl.h */ = {isa = PBXFileReference; fileEncoding = 4; lastKnownFileType = sourcecode.c.h; path = MRCViewModelServicesImpl.h; sourceTree = "<group>"; };
		4AFC2DE62136A09100B7CEA8 /* MRCViewModelServices.h */ = {isa = PBXFileReference; fileEncoding = 4; lastKnownFileType = sourcecode.c.h; path = MRCViewModelServices.h; sourceTree = "<group>"; };
		4AFC2DE72136A09100B7CEA8 /* MRCViewModelServicesImpl.m */ = {isa = PBXFileReference; fileEncoding = 4; lastKnownFileType = sourcecode.c.objc; path = MRCViewModelServicesImpl.m; sourceTree = "<group>"; };
		4AFC2DEA2136A0C800B7CEA8 /* MRCNavigationControllerStack.m */ = {isa = PBXFileReference; fileEncoding = 4; lastKnownFileType = sourcecode.c.objc; path = MRCNavigationControllerStack.m; sourceTree = "<group>"; };
		4AFC2DEB2136A0C800B7CEA8 /* MRCNavigationControllerStack.h */ = {isa = PBXFileReference; fileEncoding = 4; lastKnownFileType = sourcecode.c.h; path = MRCNavigationControllerStack.h; sourceTree = "<group>"; };
		4AFC2DED2136A0D900B7CEA8 /* MRCViewController.h */ = {isa = PBXFileReference; fileEncoding = 4; lastKnownFileType = sourcecode.c.h; path = MRCViewController.h; sourceTree = "<group>"; };
		4AFC2DEE2136A0D900B7CEA8 /* MRCViewController.m */ = {isa = PBXFileReference; fileEncoding = 4; lastKnownFileType = sourcecode.c.objc; path = MRCViewController.m; sourceTree = "<group>"; };
		4AFC2DF02136A10400B7CEA8 /* MRCNavigationController.m */ = {isa = PBXFileReference; fileEncoding = 4; lastKnownFileType = sourcecode.c.objc; path = MRCNavigationController.m; sourceTree = "<group>"; };
		4AFC2DF12136A10400B7CEA8 /* MRCNavigationController.h */ = {isa = PBXFileReference; fileEncoding = 4; lastKnownFileType = sourcecode.c.h; path = MRCNavigationController.h; sourceTree = "<group>"; };
		4AFC2DF32136A15000B7CEA8 /* MRCTabBarController.m */ = {isa = PBXFileReference; fileEncoding = 4; lastKnownFileType = sourcecode.c.objc; path = MRCTabBarController.m; sourceTree = "<group>"; };
		4AFC2DF42136A15000B7CEA8 /* MRCTabBarController.h */ = {isa = PBXFileReference; fileEncoding = 4; lastKnownFileType = sourcecode.c.h; path = MRCTabBarController.h; sourceTree = "<group>"; };
		4AFC2DF52136A15000B7CEA8 /* MRCTableViewController.h */ = {isa = PBXFileReference; fileEncoding = 4; lastKnownFileType = sourcecode.c.h; path = MRCTableViewController.h; sourceTree = "<group>"; };
		4AFC2DF62136A15000B7CEA8 /* MRCTableViewController.m */ = {isa = PBXFileReference; fileEncoding = 4; lastKnownFileType = sourcecode.c.objc; path = MRCTableViewController.m; sourceTree = "<group>"; };
		4AFC2DF92136A1B800B7CEA8 /* MRCRouter.h */ = {isa = PBXFileReference; fileEncoding = 4; lastKnownFileType = sourcecode.c.h; path = MRCRouter.h; sourceTree = "<group>"; };
		4AFC2DFA2136A1B800B7CEA8 /* MRCRouter.m */ = {isa = PBXFileReference; fileEncoding = 4; lastKnownFileType = sourcecode.c.objc; path = MRCRouter.m; sourceTree = "<group>"; };
		4AFC2DFD2136A24800B7CEA8 /* MRCConstant.h */ = {isa = PBXFileReference; fileEncoding = 4; lastKnownFileType = sourcecode.c.h; path = MRCConstant.h; sourceTree = "<group>"; };
		4AFC2DFE2136A24800B7CEA8 /* MRCErrors.h */ = {isa = PBXFileReference; fileEncoding = 4; lastKnownFileType = sourcecode.c.h; path = MRCErrors.h; sourceTree = "<group>"; };
		4AFC2DFF2136A24800B7CEA8 /* MRCErrors.m */ = {isa = PBXFileReference; fileEncoding = 4; lastKnownFileType = sourcecode.c.objc; path = MRCErrors.m; sourceTree = "<group>"; };
		4AFC2E002136A24800B7CEA8 /* MRCConfig.h */ = {isa = PBXFileReference; fileEncoding = 4; lastKnownFileType = sourcecode.c.h; path = MRCConfig.h; sourceTree = "<group>"; };
		4AFC2E012136A24800B7CEA8 /* MRCReactiveView.h */ = {isa = PBXFileReference; fileEncoding = 4; lastKnownFileType = sourcecode.c.h; path = MRCReactiveView.h; sourceTree = "<group>"; };
		4AFC2E032136A25B00B7CEA8 /* MRCUtil.h */ = {isa = PBXFileReference; fileEncoding = 4; lastKnownFileType = sourcecode.c.h; path = MRCUtil.h; sourceTree = "<group>"; };
		4AFC2E042136A25B00B7CEA8 /* MRCUtil.m */ = {isa = PBXFileReference; fileEncoding = 4; lastKnownFileType = sourcecode.c.objc; path = MRCUtil.m; sourceTree = "<group>"; };
		4AFC2E062136A49800B7CEA8 /* MRCViewControllerAnimatedTransition.h */ = {isa = PBXFileReference; fileEncoding = 4; lastKnownFileType = sourcecode.c.h; path = MRCViewControllerAnimatedTransition.h; sourceTree = "<group>"; };
		4AFC2E072136A49900B7CEA8 /* MRCViewControllerAnimatedTransition.m */ = {isa = PBXFileReference; fileEncoding = 4; lastKnownFileType = sourcecode.c.objc; path = MRCViewControllerAnimatedTransition.m; sourceTree = "<group>"; };
		4AFC2E092136A55700B7CEA8 /* MRCDoubleTitleView.h */ = {isa = PBXFileReference; fileEncoding = 4; lastKnownFileType = sourcecode.c.h; path = MRCDoubleTitleView.h; sourceTree = "<group>"; };
		4AFC2E0A2136A55700B7CEA8 /* MRCLoadingTitleView.h */ = {isa = PBXFileReference; fileEncoding = 4; lastKnownFileType = sourcecode.c.h; path = MRCLoadingTitleView.h; sourceTree = "<group>"; };
		4AFC2E0B2136A55700B7CEA8 /* MRCDoubleTitleView.m */ = {isa = PBXFileReference; fileEncoding = 4; lastKnownFileType = sourcecode.c.objc; path = MRCDoubleTitleView.m; sourceTree = "<group>"; };
		4AFC2E0C2136A55700B7CEA8 /* MRCLoadingTitleView.m */ = {isa = PBXFileReference; fileEncoding = 4; lastKnownFileType = sourcecode.c.objc; path = MRCLoadingTitleView.m; sourceTree = "<group>"; };
		4AFC2E0D2136A55700B7CEA8 /* MRCLoadingTitleView.xib */ = {isa = PBXFileReference; fileEncoding = 4; lastKnownFileType = file.xib; path = MRCLoadingTitleView.xib; sourceTree = "<group>"; };
		4AFC2E112136A6B000B7CEA8 /* MRCTableViewModel.h */ = {isa = PBXFileReference; fileEncoding = 4; lastKnownFileType = sourcecode.c.h; path = MRCTableViewModel.h; sourceTree = "<group>"; };
		4AFC2E122136A6B000B7CEA8 /* MRCTableViewModel.m */ = {isa = PBXFileReference; fileEncoding = 4; lastKnownFileType = sourcecode.c.objc; path = MRCTableViewModel.m; sourceTree = "<group>"; };
		4AFC2E142136A74600B7CEA8 /* MRCTableViewCellStyleValue1.m */ = {isa = PBXFileReference; fileEncoding = 4; lastKnownFileType = sourcecode.c.objc; path = MRCTableViewCellStyleValue1.m; sourceTree = "<group>"; };
		4AFC2E152136A74600B7CEA8 /* MRCTableViewCellStyleValue1.h */ = {isa = PBXFileReference; fileEncoding = 4; lastKnownFileType = sourcecode.c.h; path = MRCTableViewCellStyleValue1.h; sourceTree = "<group>"; };
		4AFC2E172136A76100B7CEA8 /* YYFPSLabel.h */ = {isa = PBXFileReference; fileEncoding = 4; lastKnownFileType = sourcecode.c.h; path = YYFPSLabel.h; sourceTree = "<group>"; };
		4AFC2E182136A76100B7CEA8 /* YYFPSLabel.m */ = {isa = PBXFileReference; fileEncoding = 4; lastKnownFileType = sourcecode.c.objc; path = YYFPSLabel.m; sourceTree = "<group>"; };
		BBC34C46256CD9D11F921CB4 /* libPods-RACDemo.a */ = {isa = PBXFileReference; explicitFileType = archive.ar; includeInIndex = 0; path = "libPods-RACDemo.a"; sourceTree = BUILT_PRODUCTS_DIR; };
		D40DC5C58295BC25426EF728 /* Pods-RACDemo.debug.xcconfig */ = {isa = PBXFileReference; includeInIndex = 1; lastKnownFileType = text.xcconfig; name = "Pods-RACDemo.debug.xcconfig"; path = "Pods/Target Support Files/Pods-RACDemo/Pods-RACDemo.debug.xcconfig"; sourceTree = "<group>"; };
/* End PBXFileReference section */

/* Begin PBXFrameworksBuildPhase section */
		4A446C4421367CF90090F017 /* Frameworks */ = {
			isa = PBXFrameworksBuildPhase;
			buildActionMask = 2147483647;
			files = (
				A72260C25EA157F6CEA28472 /* libPods-RACDemo.a in Frameworks */,
			);
			runOnlyForDeploymentPostprocessing = 0;
		};
/* End PBXFrameworksBuildPhase section */

/* Begin PBXGroup section */
		09725BD348CE442D1ECFDBF2 /* Pods */ = {
			isa = PBXGroup;
			children = (
				D40DC5C58295BC25426EF728 /* Pods-RACDemo.debug.xcconfig */,
				29F0C55B7177AC7743517CE9 /* Pods-RACDemo.release.xcconfig */,
			);
			name = Pods;
			sourceTree = "<group>";
		};
		4A446C3E21367CF90090F017 = {
			isa = PBXGroup;
			children = (
				4A446C4921367CF90090F017 /* RACDemo */,
				4A446C4821367CF90090F017 /* Products */,
				09725BD348CE442D1ECFDBF2 /* Pods */,
				F0DD30A65ECA907013B2F074 /* Frameworks */,
			);
			sourceTree = "<group>";
		};
		4A446C4821367CF90090F017 /* Products */ = {
			isa = PBXGroup;
			children = (
				4A446C4721367CF90090F017 /* RACDemo.app */,
			);
			name = Products;
			sourceTree = "<group>";
		};
		4A446C4921367CF90090F017 /* RACDemo */ = {
			isa = PBXGroup;
			children = (
				4AF45D5E213685670069FDF0 /* BaseClass */,
				4AFC2E1A2136AC7A00B7CEA8 /* Other */,
			);
			path = RACDemo;
			sourceTree = "<group>";
		};
		4AF45D5E213685670069FDF0 /* BaseClass */ = {
			isa = PBXGroup;
			children = (
				4AFC2DFC2136A23900B7CEA8 /* Util */,
				4AFC2DE92136A0BB00B7CEA8 /* View */,
				4AFC2DD82136A02B00B7CEA8 /* ViewModel */,
				4AFC2DCF21369FD100B7CEA8 /* Model */,
			);
			path = BaseClass;
			sourceTree = "<group>";
		};
		4AFC2DCF21369FD100B7CEA8 /* Model */ = {
			isa = PBXGroup;
			children = (
				4AFC2DDA2136A07A00B7CEA8 /* MRCAppStoreService.h */,
				4AFC2DDD2136A07A00B7CEA8 /* MRCAppStoreServiceImpl.h */,
				4AFC2DDF2136A07A00B7CEA8 /* MRCAppStoreServiceImpl.m */,
				4AFC2DDB2136A07A00B7CEA8 /* MRCRepositoryService.h */,
				4AFC2DDE2136A07A00B7CEA8 /* MRCRepositoryServiceImpl.h */,
				4AFC2DDC2136A07A00B7CEA8 /* MRCRepositoryServiceImpl.m */,
			);
			path = Model;
			sourceTree = "<group>";
		};
		4AFC2DD82136A02B00B7CEA8 /* ViewModel */ = {
			isa = PBXGroup;
			children = (
				4AFC2E112136A6B000B7CEA8 /* MRCTableViewModel.h */,
				4AFC2E122136A6B000B7CEA8 /* MRCTableViewModel.m */,
				4AFC2DF92136A1B800B7CEA8 /* MRCRouter.h */,
				4AFC2DFA2136A1B800B7CEA8 /* MRCRouter.m */,
				4AFC2DD92136A06400B7CEA8 /* MRCNavigationProtocol.h */,
				4AFC2DE32136A08600B7CEA8 /* MRCViewModel.h */,
				4AFC2DE22136A08600B7CEA8 /* MRCViewModel.m */,
				4AFC2DE62136A09100B7CEA8 /* MRCViewModelServices.h */,
				4AFC2DE52136A09100B7CEA8 /* MRCViewModelServicesImpl.h */,
				4AFC2DE72136A09100B7CEA8 /* MRCViewModelServicesImpl.m */,
			);
			path = ViewModel;
			sourceTree = "<group>";
		};
		4AFC2DE92136A0BB00B7CEA8 /* View */ = {
			isa = PBXGroup;
			children = (
				4AFC2E152136A74600B7CEA8 /* MRCTableViewCellStyleValue1.h */,
				4AFC2E142136A74600B7CEA8 /* MRCTableViewCellStyleValue1.m */,
				4AFC2E092136A55700B7CEA8 /* MRCDoubleTitleView.h */,
				4AFC2E0B2136A55700B7CEA8 /* MRCDoubleTitleView.m */,
				4AFC2E0A2136A55700B7CEA8 /* MRCLoadingTitleView.h */,
				4AFC2E0C2136A55700B7CEA8 /* MRCLoadingTitleView.m */,
				4AFC2E0D2136A55700B7CEA8 /* MRCLoadingTitleView.xib */,
				4AFC2E062136A49800B7CEA8 /* MRCViewControllerAnimatedTransition.h */,
				4AFC2E072136A49900B7CEA8 /* MRCViewControllerAnimatedTransition.m */,
				4AFC2DF12136A10400B7CEA8 /* MRCNavigationController.h */,
				4AFC2DF02136A10400B7CEA8 /* MRCNavigationController.m */,
				4AFC2DED2136A0D900B7CEA8 /* MRCViewController.h */,
				4AFC2DEE2136A0D900B7CEA8 /* MRCViewController.m */,
				4AFC2DEB2136A0C800B7CEA8 /* MRCNavigationControllerStack.h */,
				4AFC2DEA2136A0C800B7CEA8 /* MRCNavigationControllerStack.m */,
				4AFC2DF42136A15000B7CEA8 /* MRCTabBarController.h */,
				4AFC2DF32136A15000B7CEA8 /* MRCTabBarController.m */,
				4AFC2DF52136A15000B7CEA8 /* MRCTableViewController.h */,
				4AFC2DF62136A15000B7CEA8 /* MRCTableViewController.m */,
			);
			path = View;
			sourceTree = "<group>";
		};
		4AFC2DFC2136A23900B7CEA8 /* Util */ = {
			isa = PBXGroup;
			children = (
				4AFC2E172136A76100B7CEA8 /* YYFPSLabel.h */,
				4AFC2E182136A76100B7CEA8 /* YYFPSLabel.m */,
				4AFC2E032136A25B00B7CEA8 /* MRCUtil.h */,
				4AFC2E042136A25B00B7CEA8 /* MRCUtil.m */,
				4AFC2E002136A24800B7CEA8 /* MRCConfig.h */,
				4AFC2DFD2136A24800B7CEA8 /* MRCConstant.h */,
				4AFC2DFE2136A24800B7CEA8 /* MRCErrors.h */,
				4AFC2DFF2136A24800B7CEA8 /* MRCErrors.m */,
				4AFC2E012136A24800B7CEA8 /* MRCReactiveView.h */,
			);
			path = Util;
			sourceTree = "<group>";
		};
		4AFC2E1A2136AC7A00B7CEA8 /* Other */ = {
			isa = PBXGroup;
			children = (
				4A446C4A21367CF90090F017 /* AppDelegate.h */,
				4A446C4B21367CF90090F017 /* AppDelegate.m */,
				4A446C4D21367CF90090F017 /* ViewController.h */,
				4A446C4E21367CF90090F017 /* ViewController.m */,
				4A446C5021367CF90090F017 /* Main.storyboard */,
				4A446C5321367CF90090F017 /* Assets.xcassets */,
				4A446C5521367CF90090F017 /* LaunchScreen.storyboard */,
				4A446C5821367CF90090F017 /* Info.plist */,
				4AF45D672136868E0069FDF0 /* RACDemo-Prefix.pch */,
				4A446C5921367CF90090F017 /* main.m */,
			);
			path = Other;
			sourceTree = "<group>";
		};
		F0DD30A65ECA907013B2F074 /* Frameworks */ = {
			isa = PBXGroup;
			children = (
				BBC34C46256CD9D11F921CB4 /* libPods-RACDemo.a */,
			);
			name = Frameworks;
			sourceTree = "<group>";
		};
/* End PBXGroup section */

/* Begin PBXNativeTarget section */
		4A446C4621367CF90090F017 /* RACDemo */ = {
			isa = PBXNativeTarget;
			buildConfigurationList = 4A446C5D21367CF90090F017 /* Build configuration list for PBXNativeTarget "RACDemo" */;
			buildPhases = (
				3D9EB6E8917F14047FA3AEAA /* [CP] Check Pods Manifest.lock */,
				4A446C4321367CF90090F017 /* Sources */,
				4A446C4421367CF90090F017 /* Frameworks */,
				4A446C4521367CF90090F017 /* Resources */,
				9CE3672FF7981F20F8A610A3 /* [CP] Embed Pods Frameworks */,
				BE7C3BC9E9A38924E044BFA7 /* [CP] Copy Pods Resources */,
			);
			buildRules = (
			);
			dependencies = (
			);
			name = RACDemo;
			productName = RACDemo;
			productReference = 4A446C4721367CF90090F017 /* RACDemo.app */;
			productType = "com.apple.product-type.application";
		};
/* End PBXNativeTarget section */

/* Begin PBXProject section */
		4A446C3F21367CF90090F017 /* Project object */ = {
			isa = PBXProject;
			attributes = {
				LastUpgradeCheck = 0900;
				ORGANIZATIONNAME = CodeTeam;
				TargetAttributes = {
					4A446C4621367CF90090F017 = {
						CreatedOnToolsVersion = 9.0.1;
						LastSwiftMigration = 0900;
						ProvisioningStyle = Automatic;
					};
				};
			};
			buildConfigurationList = 4A446C4221367CF90090F017 /* Build configuration list for PBXProject "RACDemo" */;
			compatibilityVersion = "Xcode 8.0";
			developmentRegion = en;
			hasScannedForEncodings = 0;
			knownRegions = (
				en,
				Base,
			);
			mainGroup = 4A446C3E21367CF90090F017;
			productRefGroup = 4A446C4821367CF90090F017 /* Products */;
			projectDirPath = "";
			projectRoot = "";
			targets = (
				4A446C4621367CF90090F017 /* RACDemo */,
			);
		};
/* End PBXProject section */

/* Begin PBXResourcesBuildPhase section */
		4A446C4521367CF90090F017 /* Resources */ = {
			isa = PBXResourcesBuildPhase;
			buildActionMask = 2147483647;
			files = (
				4A446C5721367CF90090F017 /* LaunchScreen.storyboard in Resources */,
				4AFC2E102136A55800B7CEA8 /* MRCLoadingTitleView.xib in Resources */,
				4A446C5421367CF90090F017 /* Assets.xcassets in Resources */,
				4A446C5221367CF90090F017 /* Main.storyboard in Resources */,
			);
			runOnlyForDeploymentPostprocessing = 0;
		};
/* End PBXResourcesBuildPhase section */

/* Begin PBXShellScriptBuildPhase section */
		3D9EB6E8917F14047FA3AEAA /* [CP] Check Pods Manifest.lock */ = {
			isa = PBXShellScriptBuildPhase;
			buildActionMask = 2147483647;
			files = (
			);
			inputPaths = (
				"${PODS_PODFILE_DIR_PATH}/Podfile.lock",
				"${PODS_ROOT}/Manifest.lock",
			);
			name = "[CP] Check Pods Manifest.lock";
			outputPaths = (
				"$(DERIVED_FILE_DIR)/Pods-RACDemo-checkManifestLockResult.txt",
			);
			runOnlyForDeploymentPostprocessing = 0;
			shellPath = /bin/sh;
			shellScript = "diff \"${PODS_PODFILE_DIR_PATH}/Podfile.lock\" \"${PODS_ROOT}/Manifest.lock\" > /dev/null\nif [ $? != 0 ] ; then\n    # print error to STDERR\n    echo \"error: The sandbox is not in sync with the Podfile.lock. Run 'pod install' or update your CocoaPods installation.\" >&2\n    exit 1\nfi\n# This output is used by Xcode 'outputs' to avoid re-running this script phase.\necho \"SUCCESS\" > \"${SCRIPT_OUTPUT_FILE_0}\"\n";
			showEnvVarsInLog = 0;
		};
		9CE3672FF7981F20F8A610A3 /* [CP] Embed Pods Frameworks */ = {
			isa = PBXShellScriptBuildPhase;
			buildActionMask = 2147483647;
			files = (
			);
			inputPaths = (
			);
			name = "[CP] Embed Pods Frameworks";
			outputPaths = (
			);
			runOnlyForDeploymentPostprocessing = 0;
			shellPath = /bin/sh;
			shellScript = "\"${SRCROOT}/Pods/Target Support Files/Pods-RACDemo/Pods-RACDemo-frameworks.sh\"\n";
			showEnvVarsInLog = 0;
		};
		BE7C3BC9E9A38924E044BFA7 /* [CP] Copy Pods Resources */ = {
			isa = PBXShellScriptBuildPhase;
			buildActionMask = 2147483647;
			files = (
			);
			inputPaths = (
				"${SRCROOT}/Pods/Target Support Files/Pods-RACDemo/Pods-RACDemo-resources.sh",
				$PODS_CONFIGURATION_BUILD_DIR/Appirater/Appirater.bundle,
				"${PODS_ROOT}/FormatterKit/FormatterKit/FormatterKit.bundle",
				"${PODS_ROOT}/GPUImage/framework/Resources/lookup.png",
				"${PODS_ROOT}/GPUImage/framework/Resources/lookup_amatorka.png",
				"${PODS_ROOT}/GPUImage/framework/Resources/lookup_miss_etikate.png",
				"${PODS_ROOT}/GPUImage/framework/Resources/lookup_soft_elegance_1.png",
				"${PODS_ROOT}/GPUImage/framework/Resources/lookup_soft_elegance_2.png",
				"${PODS_ROOT}/IQKeyboardManager/IQKeyboardManager/Resources/IQKeyboardManager.bundle",
				"${PODS_ROOT}/OcticonsIOS/OcticonsIOS/octicons.ttf",
				"${PODS_ROOT}/SSKeychain/Support/SSKeychain.bundle",
			);
			name = "[CP] Copy Pods Resources";
			outputPaths = (
				"${TARGET_BUILD_DIR}/${UNLOCALIZED_RESOURCES_FOLDER_PATH}",
			);
			runOnlyForDeploymentPostprocessing = 0;
			shellPath = /bin/sh;
			shellScript = "\"${SRCROOT}/Pods/Target Support Files/Pods-RACDemo/Pods-RACDemo-resources.sh\"\n";
			showEnvVarsInLog = 0;
		};
/* End PBXShellScriptBuildPhase section */

/* Begin PBXSourcesBuildPhase section */
		4A446C4321367CF90090F017 /* Sources */ = {
			isa = PBXSourcesBuildPhase;
			buildActionMask = 2147483647;
			files = (
				4AFC2E192136A76100B7CEA8 /* YYFPSLabel.m in Sources */,
				4AFC2E162136A74600B7CEA8 /* MRCTableViewCellStyleValue1.m in Sources */,
				4A446C4F21367CF90090F017 /* ViewController.m in Sources */,
				4AFC2E052136A25B00B7CEA8 /* MRCUtil.m in Sources */,
				4AFC2E0E2136A55800B7CEA8 /* MRCDoubleTitleView.m in Sources */,
				4AFC2E132136A6B000B7CEA8 /* MRCTableViewModel.m in Sources */,
				4AFC2E022136A24800B7CEA8 /* MRCErrors.m in Sources */,
				4AFC2DE82136A09100B7CEA8 /* MRCViewModelServicesImpl.m in Sources */,
				4AFC2E0F2136A55800B7CEA8 /* MRCLoadingTitleView.m in Sources */,
				4AFC2DE42136A08600B7CEA8 /* MRCViewModel.m in Sources */,
				4A446C5A21367CF90090F017 /* main.m in Sources */,
				4AFC2DF22136A10400B7CEA8 /* MRCNavigationController.m in Sources */,
				4AFC2DE02136A07A00B7CEA8 /* MRCRepositoryServiceImpl.m in Sources */,
				4AFC2DEC2136A0C800B7CEA8 /* MRCNavigationControllerStack.m in Sources */,
				4AFC2DE12136A07A00B7CEA8 /* MRCAppStoreServiceImpl.m in Sources */,
				4AFC2DF82136A15000B7CEA8 /* MRCTableViewController.m in Sources */,
				4A446C4C21367CF90090F017 /* AppDelegate.m in Sources */,
				4AFC2DF72136A15000B7CEA8 /* MRCTabBarController.m in Sources */,
				4AFC2DFB2136A1B800B7CEA8 /* MRCRouter.m in Sources */,
				4AFC2DEF2136A0DA00B7CEA8 /* MRCViewController.m in Sources */,
				4AFC2E082136A49900B7CEA8 /* MRCViewControllerAnimatedTransition.m in Sources */,
			);
			runOnlyForDeploymentPostprocessing = 0;
		};
/* End PBXSourcesBuildPhase section */

/* Begin PBXVariantGroup section */
		4A446C5021367CF90090F017 /* Main.storyboard */ = {
			isa = PBXVariantGroup;
			children = (
				4A446C5121367CF90090F017 /* Base */,
			);
			name = Main.storyboard;
			sourceTree = "<group>";
		};
		4A446C5521367CF90090F017 /* LaunchScreen.storyboard */ = {
			isa = PBXVariantGroup;
			children = (
				4A446C5621367CF90090F017 /* Base */,
			);
			name = LaunchScreen.storyboard;
			sourceTree = "<group>";
		};
/* End PBXVariantGroup section */

/* Begin XCBuildConfiguration section */
		4A446C5B21367CF90090F017 /* Debug */ = {
			isa = XCBuildConfiguration;
			buildSettings = {
				ALWAYS_SEARCH_USER_PATHS = NO;
				CLANG_ANALYZER_NONNULL = YES;
				CLANG_ANALYZER_NUMBER_OBJECT_CONVERSION = YES_AGGRESSIVE;
				CLANG_CXX_LANGUAGE_STANDARD = "gnu++14";
				CLANG_CXX_LIBRARY = "libc++";
				CLANG_ENABLE_MODULES = YES;
				CLANG_ENABLE_OBJC_ARC = YES;
				CLANG_WARN_BLOCK_CAPTURE_AUTORELEASING = YES;
				CLANG_WARN_BOOL_CONVERSION = YES;
				CLANG_WARN_COMMA = YES;
				CLANG_WARN_CONSTANT_CONVERSION = YES;
				CLANG_WARN_DIRECT_OBJC_ISA_USAGE = YES_ERROR;
				CLANG_WARN_DOCUMENTATION_COMMENTS = YES;
				CLANG_WARN_EMPTY_BODY = YES;
				CLANG_WARN_ENUM_CONVERSION = YES;
				CLANG_WARN_INFINITE_RECURSION = YES;
				CLANG_WARN_INT_CONVERSION = YES;
				CLANG_WARN_NON_LITERAL_NULL_CONVERSION = YES;
				CLANG_WARN_OBJC_LITERAL_CONVERSION = YES;
				CLANG_WARN_OBJC_ROOT_CLASS = YES_ERROR;
				CLANG_WARN_RANGE_LOOP_ANALYSIS = YES;
				CLANG_WARN_STRICT_PROTOTYPES = YES;
				CLANG_WARN_SUSPICIOUS_MOVE = YES;
				CLANG_WARN_UNGUARDED_AVAILABILITY = YES_AGGRESSIVE;
				CLANG_WARN_UNREACHABLE_CODE = YES;
				CLANG_WARN__DUPLICATE_METHOD_MATCH = YES;
				CODE_SIGN_IDENTITY = "iPhone Developer";
				COPY_PHASE_STRIP = NO;
				DEBUG_INFORMATION_FORMAT = dwarf;
				ENABLE_STRICT_OBJC_MSGSEND = YES;
				ENABLE_TESTABILITY = YES;
				GCC_C_LANGUAGE_STANDARD = gnu11;
				GCC_DYNAMIC_NO_PIC = NO;
				GCC_NO_COMMON_BLOCKS = YES;
				GCC_OPTIMIZATION_LEVEL = 0;
				GCC_PREPROCESSOR_DEFINITIONS = (
					"DEBUG=1",
					"$(inherited)",
				);
				GCC_WARN_64_TO_32_BIT_CONVERSION = YES;
				GCC_WARN_ABOUT_RETURN_TYPE = YES_ERROR;
				GCC_WARN_UNDECLARED_SELECTOR = YES;
				GCC_WARN_UNINITIALIZED_AUTOS = YES_AGGRESSIVE;
				GCC_WARN_UNUSED_FUNCTION = YES;
				GCC_WARN_UNUSED_VARIABLE = YES;
				IPHONEOS_DEPLOYMENT_TARGET = 11.0;
				MTL_ENABLE_DEBUG_INFO = YES;
				ONLY_ACTIVE_ARCH = YES;
				SDKROOT = iphoneos;
			};
			name = Debug;
		};
		4A446C5C21367CF90090F017 /* Release */ = {
			isa = XCBuildConfiguration;
			buildSettings = {
				ALWAYS_SEARCH_USER_PATHS = NO;
				CLANG_ANALYZER_NONNULL = YES;
				CLANG_ANALYZER_NUMBER_OBJECT_CONVERSION = YES_AGGRESSIVE;
				CLANG_CXX_LANGUAGE_STANDARD = "gnu++14";
				CLANG_CXX_LIBRARY = "libc++";
				CLANG_ENABLE_MODULES = YES;
				CLANG_ENABLE_OBJC_ARC = YES;
				CLANG_WARN_BLOCK_CAPTURE_AUTORELEASING = YES;
				CLANG_WARN_BOOL_CONVERSION = YES;
				CLANG_WARN_COMMA = YES;
				CLANG_WARN_CONSTANT_CONVERSION = YES;
				CLANG_WARN_DIRECT_OBJC_ISA_USAGE = YES_ERROR;
				CLANG_WARN_DOCUMENTATION_COMMENTS = YES;
				CLANG_WARN_EMPTY_BODY = YES;
				CLANG_WARN_ENUM_CONVERSION = YES;
				CLANG_WARN_INFINITE_RECURSION = YES;
				CLANG_WARN_INT_CONVERSION = YES;
				CLANG_WARN_NON_LITERAL_NULL_CONVERSION = YES;
				CLANG_WARN_OBJC_LITERAL_CONVERSION = YES;
				CLANG_WARN_OBJC_ROOT_CLASS = YES_ERROR;
				CLANG_WARN_RANGE_LOOP_ANALYSIS = YES;
				CLANG_WARN_STRICT_PROTOTYPES = YES;
				CLANG_WARN_SUSPICIOUS_MOVE = YES;
				CLANG_WARN_UNGUARDED_AVAILABILITY = YES_AGGRESSIVE;
				CLANG_WARN_UNREACHABLE_CODE = YES;
				CLANG_WARN__DUPLICATE_METHOD_MATCH = YES;
				CODE_SIGN_IDENTITY = "iPhone Developer";
				COPY_PHASE_STRIP = NO;
				DEBUG_INFORMATION_FORMAT = "dwarf-with-dsym";
				ENABLE_NS_ASSERTIONS = NO;
				ENABLE_STRICT_OBJC_MSGSEND = YES;
				GCC_C_LANGUAGE_STANDARD = gnu11;
				GCC_NO_COMMON_BLOCKS = YES;
				GCC_WARN_64_TO_32_BIT_CONVERSION = YES;
				GCC_WARN_ABOUT_RETURN_TYPE = YES_ERROR;
				GCC_WARN_UNDECLARED_SELECTOR = YES;
				GCC_WARN_UNINITIALIZED_AUTOS = YES_AGGRESSIVE;
				GCC_WARN_UNUSED_FUNCTION = YES;
				GCC_WARN_UNUSED_VARIABLE = YES;
				IPHONEOS_DEPLOYMENT_TARGET = 11.0;
				MTL_ENABLE_DEBUG_INFO = NO;
				SDKROOT = iphoneos;
				VALIDATE_PRODUCT = YES;
			};
			name = Release;
		};
		4A446C5E21367CF90090F017 /* Debug */ = {
			isa = XCBuildConfiguration;
			baseConfigurationReference = D40DC5C58295BC25426EF728 /* Pods-RACDemo.debug.xcconfig */;
			buildSettings = {
				ASSETCATALOG_COMPILER_APPICON_NAME = AppIcon;
				CLANG_ENABLE_MODULES = YES;
				CODE_SIGN_STYLE = Automatic;
				FRAMEWORK_SEARCH_PATHS = (
					"$(inherited)",
					"$(PROJECT_DIR)",
				);
				GCC_PRECOMPILE_PREFIX_HEADER = YES;
				GCC_PREFIX_HEADER = "$(SRCROOT)/RACDemo/RACDemo-Prefix.pch";
				INFOPLIST_FILE = RACDemo/Info.plist;
				LD_RUNPATH_SEARCH_PATHS = "$(inherited) @executable_path/Frameworks";
				PRODUCT_BUNDLE_IDENTIFIER = com.codeTeam.RACDemo;
				PRODUCT_NAME = "$(TARGET_NAME)";
				SWIFT_OBJC_BRIDGING_HEADER = "RACDemo/RACDemo-Bridging-Header.h";
				SWIFT_OPTIMIZATION_LEVEL = "-Onone";
				SWIFT_VERSION = 3.0;
				TARGETED_DEVICE_FAMILY = "1,2";
			};
			name = Debug;
		};
		4A446C5F21367CF90090F017 /* Release */ = {
			isa = XCBuildConfiguration;
			baseConfigurationReference = 29F0C55B7177AC7743517CE9 /* Pods-RACDemo.release.xcconfig */;
			buildSettings = {
				ASSETCATALOG_COMPILER_APPICON_NAME = AppIcon;
				CLANG_ENABLE_MODULES = YES;
				CODE_SIGN_STYLE = Automatic;
				FRAMEWORK_SEARCH_PATHS = (
					"$(inherited)",
					"$(PROJECT_DIR)",
				);
				GCC_PRECOMPILE_PREFIX_HEADER = YES;
				GCC_PREFIX_HEADER = "$(SRCROOT)/RACDemo/RACDemo-Prefix.pch";
				INFOPLIST_FILE = RACDemo/Info.plist;
				LD_RUNPATH_SEARCH_PATHS = "$(inherited) @executable_path/Frameworks";
				PRODUCT_BUNDLE_IDENTIFIER = com.codeTeam.RACDemo;
				PRODUCT_NAME = "$(TARGET_NAME)";
				SWIFT_OBJC_BRIDGING_HEADER = "RACDemo/RACDemo-Bridging-Header.h";
				SWIFT_VERSION = 3.0;
				TARGETED_DEVICE_FAMILY = "1,2";
			};
			name = Release;
		};
/* End XCBuildConfiguration section */

/* Begin XCConfigurationList section */
		4A446C4221367CF90090F017 /* Build configuration list for PBXProject "RACDemo" */ = {
			isa = XCConfigurationList;
			buildConfigurations = (
				4A446C5B21367CF90090F017 /* Debug */,
				4A446C5C21367CF90090F017 /* Release */,
			);
			defaultConfigurationIsVisible = 0;
			defaultConfigurationName = Release;
		};
		4A446C5D21367CF90090F017 /* Build configuration list for PBXNativeTarget "RACDemo" */ = {
			isa = XCConfigurationList;
			buildConfigurations = (
				4A446C5E21367CF90090F017 /* Debug */,
				4A446C5F21367CF90090F017 /* Release */,
			);
			defaultConfigurationIsVisible = 0;
			defaultConfigurationName = Release;
		};
/* End XCConfigurationList section */
	};
	rootObject = 4A446C3F21367CF90090F017 /* Project object */;
}
